Microsoft Visual Studio Solution File, Format Version 8.00
Project("{8BC9CEB8-8B4A-11D0-8D11-00A0C91BC942}") = "cg_isosurf", "cg_isosurf.vcproj", "{ACFDB8AD-8F27-4AA2-9CF4-9747A2F56951}"
	ProjectSection(ProjectDependencies) = postProject
	EndProjectSection
EndProject
Global
	GlobalSection(SolutionConfiguration) = preSolution
		Debug = Debug
		Release = Release
	EndGlobalSection
	GlobalSection(ProjectConfiguration) = postSolution
		{ACFDB8AD-8F27-4AA2-9CF4-9747A2F56951}.Debug.ActiveCfg = Debug|Win32
		{ACFDB8AD-8F27-4AA2-9CF4-9747A2F56951}.Debug.Build.0 = Debug|Win32
		{ACFDB8AD-8F27-4AA2-9CF4-9747A2F56951}.Release.ActiveCfg = Release|Win32
		{ACFDB8AD-8F27-4AA2-9CF4-9747A2F56951}.Release.Build.0 = Release|Win32
	EndGlobalSection
	GlobalSection(ExtensibilityGlobals) = postSolution
	EndGlobalSection
	GlobalSection(ExtensibilityAddIns) = postSolution
	EndGlobalSection
EndGlobal
